dependencies:
  idf:
    component_hash: null
    source:
      type: idf
    version: 5.2.1
  protocol_examples_common:
    component_hash: null
    source:
      path: C:\Users\merli\esp\v5.2.1\esp-idf\examples\common_components\protocol_examples_common
      type: local
    version: '*'
manifest_hash: b51fd05280ec19db7c5acd8b69a9c7617c6356f74736db0c72fd37edf32c68dd
target: esp32
version: 1.0.0
