dependencies:
  idf:
    component_hash: null
    source:
      type: idf
    version: 5.2.1
  protocol_examples_common:
    component_hash: null
    source:
      path: C:\Users\TZimm\esp\v5.2.1\esp-idf\examples\common_components\protocol_examples_common
      type: local
    version: '*'
manifest_hash: 827c2051947010cffaf2b58087bb4a39a3b7be6869fd69721e8c463864d5c908
target: esp32
version: 1.0.0
